
Microsoft Visual Studio Solution File, Format Version 12.00
# Visual Studio 14
VisualStudioVersion = 14.0.25420.1
MinimumVisualStudioVersion = 10.0.40219.1
Project("{FAE04EC0-301F-11D3-BF4B-00C04F79EFBC}") = "CslaExtremeDemos.WindowsForms", "CslaExtremeDemos.WindowsForms\CslaExtremeDemos.WindowsForms.csproj", "{85A79340-6C66-4A1F-BCB2-8E732A1F2374}"
EndProject
Project("{FAE04EC0-301F-11D3-BF4B-00C04F79EFBC}") = "CslaExtremeDemos.Business", "CslaExtremeDemos.Business\CslaExtremeDemos.Business.csproj", "{6E954878-DA34-488E-B517-65E60DF90046}"
EndProject
Project("{F184B08F-C81C-45F6-A57F-5ABD9991F28F}") = "CslaExtremeDemos.BusinessVB", "CslaExtremeDemos.BusinessVB\CslaExtremeDemos.BusinessVB.vbproj", "{CC3EFF17-E1D4-4477-832F-F8CACA9A66C2}"
EndProject
Global
	GlobalSection(SolutionConfigurationPlatforms) = preSolution
		Debug|Any CPU = Debug|Any CPU
		Release|Any CPU = Release|Any CPU
	EndGlobalSection
	GlobalSection(ProjectConfigurationPlatforms) = postSolution
		{85A79340-6C66-4A1F-BCB2-8E732A1F2374}.Debug|Any CPU.ActiveCfg = Debug|Any CPU
		{85A79340-6C66-4A1F-BCB2-8E732A1F2374}.Debug|Any CPU.Build.0 = Debug|Any CPU
		{85A79340-6C66-4A1F-BCB2-8E732A1F2374}.Release|Any CPU.ActiveCfg = Release|Any CPU
		{85A79340-6C66-4A1F-BCB2-8E732A1F2374}.Release|Any CPU.Build.0 = Release|Any CPU
		{6E954878-DA34-488E-B517-65E60DF90046}.Debug|Any CPU.ActiveCfg = Debug|Any CPU
		{6E954878-DA34-488E-B517-65E60DF90046}.Debug|Any CPU.Build.0 = Debug|Any CPU
		{6E954878-DA34-488E-B517-65E60DF90046}.Release|Any CPU.ActiveCfg = Release|Any CPU
		{6E954878-DA34-488E-B517-65E60DF90046}.Release|Any CPU.Build.0 = Release|Any CPU
		{CC3EFF17-E1D4-4477-832F-F8CACA9A66C2}.Debug|Any CPU.ActiveCfg = Debug|Any CPU
		{CC3EFF17-E1D4-4477-832F-F8CACA9A66C2}.Debug|Any CPU.Build.0 = Debug|Any CPU
		{CC3EFF17-E1D4-4477-832F-F8CACA9A66C2}.Release|Any CPU.ActiveCfg = Release|Any CPU
		{CC3EFF17-E1D4-4477-832F-F8CACA9A66C2}.Release|Any CPU.Build.0 = Release|Any CPU
	EndGlobalSection
	GlobalSection(SolutionProperties) = preSolution
		HideSolutionNode = FALSE
	EndGlobalSection
EndGlobal
